PODS:
  - Alamofire (4.7.2)
  - MagicalRecord (2.3.2):
    - MagicalRecord/Core (= 2.3.2)
  - MagicalRecord/Core (2.3.2)
  - ReachabilitySwift (4.1.0)
  - SDWebImage (4.4.0):
    - SDWebImage/Core (= 4.4.0)
  - SDWebImage/Core (4.4.0)

DEPENDENCIES:
  - Alamofire
  - MagicalRecord
  - ReachabilitySwift
  - SDWebImage

SPEC REPOS:
  https://github.com/cocoapods/specs.git:
    - Alamofire
    - MagicalRecord
    - ReachabilitySwift
    - SDWebImage

SPEC CHECKSUMS:
  Alamofire: e4fa87002c137ba2d8d634d2c51fabcda0d5c223
  MagicalRecord: 53bed74b4323b930992a725be713e53b37d19755
  ReachabilitySwift: 6849231cd4e06559f3b9ef4a97a0a0f96d41e09f
  SDWebImage: b534502786e43dde36dfcaee89356fe6df30e203

PODFILE CHECKSUM: 148e482c06d96f76c225d6e312dbcd91a222fcf5

COCOAPODS: 1.5.3
